
Microsoft Visual Studio Solution File, Format Version 12.00
# Visual Studio Version 17
VisualStudioVersion = 17.5.33530.505
MinimumVisualStudioVersion = 10.0.40219.1
Project("{2150E333-8FDC-42A3-9474-1A3956D46DE8}") = "src", "src", "{CABCAC05-86FB-42B5-9B31-58EA076D153B}"
EndProject
Project("{9A19103F-16F7-4668-BE54-9A1E7A4F7556}") = "Beeshtiha.Domain", "src\Beeshtiha.Domain\Beeshtiha.Domain.csproj", "{48175745-59D4-4B5F-8B8B-5B9C5A6D091F}"
EndProject
Project("{9A19103F-16F7-4668-BE54-9A1E7A4F7556}") = "beeshtiha.DAL", "src\beeshtiha.DAL\beeshtiha.DAL.csproj", "{2013C6B0-7A75-4947-8D7D-0F148F99A74A}"
EndProject
Project("{9A19103F-16F7-4668-BE54-9A1E7A4F7556}") = "Beeshtiha.Service", "src\Beeshtiha.Service\Beeshtiha.Service.csproj", "{48AB2267-3D4B-44C6-A82C-89F50565C82A}"
EndProject
Project("{9A19103F-16F7-4668-BE54-9A1E7A4F7556}") = "Beeshtiha", "src\Beeshtiha\Beeshtiha.csproj", "{2B22B858-938A-4C83-9114-F53DF938301B}"
EndProject
Global
	GlobalSection(SolutionConfigurationPlatforms) = preSolution
		Debug|Any CPU = Debug|Any CPU
		Release|Any CPU = Release|Any CPU
	EndGlobalSection
	GlobalSection(ProjectConfigurationPlatforms) = postSolution
		{48175745-59D4-4B5F-8B8B-5B9C5A6D091F}.Debug|Any CPU.ActiveCfg = Debug|Any CPU
		{48175745-59D4-4B5F-8B8B-5B9C5A6D091F}.Debug|Any CPU.Build.0 = Debug|Any CPU
		{48175745-59D4-4B5F-8B8B-5B9C5A6D091F}.Release|Any CPU.ActiveCfg = Release|Any CPU
		{48175745-59D4-4B5F-8B8B-5B9C5A6D091F}.Release|Any CPU.Build.0 = Release|Any CPU
		{2013C6B0-7A75-4947-8D7D-0F148F99A74A}.Debug|Any CPU.ActiveCfg = Debug|Any CPU
		{2013C6B0-7A75-4947-8D7D-0F148F99A74A}.Debug|Any CPU.Build.0 = Debug|Any CPU
		{2013C6B0-7A75-4947-8D7D-0F148F99A74A}.Release|Any CPU.ActiveCfg = Release|Any CPU
		{2013C6B0-7A75-4947-8D7D-0F148F99A74A}.Release|Any CPU.Build.0 = Release|Any CPU
		{48AB2267-3D4B-44C6-A82C-89F50565C82A}.Debug|Any CPU.ActiveCfg = Debug|Any CPU
		{48AB2267-3D4B-44C6-A82C-89F50565C82A}.Debug|Any CPU.Build.0 = Debug|Any CPU
		{48AB2267-3D4B-44C6-A82C-89F50565C82A}.Release|Any CPU.ActiveCfg = Release|Any CPU
		{48AB2267-3D4B-44C6-A82C-89F50565C82A}.Release|Any CPU.Build.0 = Release|Any CPU
		{2B22B858-938A-4C83-9114-F53DF938301B}.Debug|Any CPU.ActiveCfg = Debug|Any CPU
		{2B22B858-938A-4C83-9114-F53DF938301B}.Debug|Any CPU.Build.0 = Debug|Any CPU
		{2B22B858-938A-4C83-9114-F53DF938301B}.Release|Any CPU.ActiveCfg = Release|Any CPU
		{2B22B858-938A-4C83-9114-F53DF938301B}.Release|Any CPU.Build.0 = Release|Any CPU
	EndGlobalSection
	GlobalSection(SolutionProperties) = preSolution
		HideSolutionNode = FALSE
	EndGlobalSection
	GlobalSection(NestedProjects) = preSolution
		{48175745-59D4-4B5F-8B8B-5B9C5A6D091F} = {CABCAC05-86FB-42B5-9B31-58EA076D153B}
		{2013C6B0-7A75-4947-8D7D-0F148F99A74A} = {CABCAC05-86FB-42B5-9B31-58EA076D153B}
		{48AB2267-3D4B-44C6-A82C-89F50565C82A} = {CABCAC05-86FB-42B5-9B31-58EA076D153B}
		{2B22B858-938A-4C83-9114-F53DF938301B} = {CABCAC05-86FB-42B5-9B31-58EA076D153B}
	EndGlobalSection
	GlobalSection(ExtensibilityGlobals) = postSolution
		SolutionGuid = {C5F9D95E-304A-4B80-8D49-F12A78BD964C}
	EndGlobalSection
EndGlobal
